
Microsoft Visual Studio Solution File, Format Version 12.00
# Visual Studio Version 17
VisualStudioVersion = 17.0.32014.148
MinimumVisualStudioVersion = 10.0.40219.1
Project("{8BC9CEB8-8B4A-11D0-8D11-00A0C91BC942}") = "algo_sort_insertion", "algo_sort_insertion.vcxproj", "{2AD5071A-964E-486C-83F1-EAAEE089339E}"
EndProject
Global
	GlobalSection(SolutionConfigurationPlatforms) = preSolution
		Debug|x64 = Debug|x64
		Debug|x86 = Debug|x86
		Release|x64 = Release|x64
		Release|x86 = Release|x86
	EndGlobalSection
	GlobalSection(ProjectConfigurationPlatforms) = postSolution
		{2AD5071A-964E-486C-83F1-EAAEE089339E}.Debug|x64.ActiveCfg = Debug|x64
		{2AD5071A-964E-486C-83F1-EAAEE089339E}.Debug|x64.Build.0 = Debug|x64
		{2AD5071A-964E-486C-83F1-EAAEE089339E}.Debug|x86.ActiveCfg = Debug|Win32
		{2AD5071A-964E-486C-83F1-EAAEE089339E}.Debug|x86.Build.0 = Debug|Win32
		{2AD5071A-964E-486C-83F1-EAAEE089339E}.Release|x64.ActiveCfg = Release|x64
		{2AD5071A-964E-486C-83F1-EAAEE089339E}.Release|x64.Build.0 = Release|x64
		{2AD5071A-964E-486C-83F1-EAAEE089339E}.Release|x86.ActiveCfg = Release|Win32
		{2AD5071A-964E-486C-83F1-EAAEE089339E}.Release|x86.Build.0 = Release|Win32
	EndGlobalSection
	GlobalSection(SolutionProperties) = preSolution
		HideSolutionNode = FALSE
	EndGlobalSection
	GlobalSection(ExtensibilityGlobals) = postSolution
		SolutionGuid = {E69FECF3-7FD3-46FA-8B37-144172FB5225}
	EndGlobalSection
EndGlobal
