
Microsoft Visual Studio Solution File, Format Version 12.00
# Visual Studio Version 17
VisualStudioVersion = 17.0.32014.148
MinimumVisualStudioVersion = 10.0.40219.1
Project("{8BC9CEB8-8B4A-11D0-8D11-00A0C91BC942}") = "cpp_stl_stack_queue", "cpp_stl_stack_queue.vcxproj", "{70A7ACAB-F468-4FD7-94CD-BCA55FFEB43A}"
EndProject
Global
	GlobalSection(SolutionConfigurationPlatforms) = preSolution
		Debug|x64 = Debug|x64
		Debug|x86 = Debug|x86
		Release|x64 = Release|x64
		Release|x86 = Release|x86
	EndGlobalSection
	GlobalSection(ProjectConfigurationPlatforms) = postSolution
		{70A7ACAB-F468-4FD7-94CD-BCA55FFEB43A}.Debug|x64.ActiveCfg = Debug|x64
		{70A7ACAB-F468-4FD7-94CD-BCA55FFEB43A}.Debug|x64.Build.0 = Debug|x64
		{70A7ACAB-F468-4FD7-94CD-BCA55FFEB43A}.Debug|x86.ActiveCfg = Debug|Win32
		{70A7ACAB-F468-4FD7-94CD-BCA55FFEB43A}.Debug|x86.Build.0 = Debug|Win32
		{70A7ACAB-F468-4FD7-94CD-BCA55FFEB43A}.Release|x64.ActiveCfg = Release|x64
		{70A7ACAB-F468-4FD7-94CD-BCA55FFEB43A}.Release|x64.Build.0 = Release|x64
		{70A7ACAB-F468-4FD7-94CD-BCA55FFEB43A}.Release|x86.ActiveCfg = Release|Win32
		{70A7ACAB-F468-4FD7-94CD-BCA55FFEB43A}.Release|x86.Build.0 = Release|Win32
	EndGlobalSection
	GlobalSection(SolutionProperties) = preSolution
		HideSolutionNode = FALSE
	EndGlobalSection
	GlobalSection(ExtensibilityGlobals) = postSolution
		SolutionGuid = {998CF0E0-32DD-432B-8D4D-3F6BDAFFE595}
	EndGlobalSection
EndGlobal
